// !$*UTF8*$!
{
	archiveVersion = 1;
	classes = {
	};
	objectVersion = 50;
	objects = {

/* Begin PBXBuildFile section */
		B28F00AA2126F058006CB544 /* AppDelegate.swift in Sources */ = {isa = PBXBuildFile; fileRef = B28F00A92126F058006CB544 /* AppDelegate.swift */; };
		B28F00AC2126F058006CB544 /* ViewController.swift in Sources */ = {isa = PBXBuildFile; fileRef = B28F00AB2126F058006CB544 /* ViewController.swift */; };
		B28F00AF2126F058006CB544 /* Main.storyboard in Resources */ = {isa = PBXBuildFile; fileRef = B28F00AD2126F058006CB544 /* Main.storyboard */; };
		B28F00B12126F05A006CB544 /* Assets.xcassets in Resources */ = {isa = PBXBuildFile; fileRef = B28F00B02126F05A006CB544 /* Assets.xcassets */; };
		B28F00B42126F05A006CB544 /* LaunchScreen.storyboard in Resources */ = {isa = PBXBuildFile; fileRef = B28F00B22126F05A006CB544 /* LaunchScreen.storyboard */; };
		B28F00BC2126F4AF006CB544 /* Departure.swift in Sources */ = {isa = PBXBuildFile; fileRef = B28F00BB2126F4AF006CB544 /* Departure.swift */; };
		B28F00BE2126F4FF006CB544 /* MVGJson.swift in Sources */ = {isa = PBXBuildFile; fileRef = B28F00BD2126F4FF006CB544 /* MVGJson.swift */; };
		B28F00C12126FD66006CB544 /* DepartureCellTableViewCell.swift in Sources */ = {isa = PBXBuildFile; fileRef = B28F00BF2126FD66006CB544 /* DepartureCellTableViewCell.swift */; };
		B28F00C22126FD66006CB544 /* DepartureCellTableViewCell.xib in Resources */ = {isa = PBXBuildFile; fileRef = B28F00C02126FD66006CB544 /* DepartureCellTableViewCell.xib */; };
/* End PBXBuildFile section */

/* Begin PBXFileReference section */
		B28F00A62126F058006CB544 /* MVG Abfahrt Goethe Institut.app */ = {isa = PBXFileReference; explicitFileType = wrapper.application; includeInIndex = 0; path = "MVG Abfahrt Goethe Institut.app"; sourceTree = BUILT_PRODUCTS_DIR; };
		B28F00A92126F058006CB544 /* AppDelegate.swift */ = {isa = PBXFileReference; lastKnownFileType = sourcecode.swift; path = AppDelegate.swift; sourceTree = "<group>"; };
		B28F00AB2126F058006CB544 /* ViewController.swift */ = {isa = PBXFileReference; lastKnownFileType = sourcecode.swift; path = ViewController.swift; sourceTree = "<group>"; };
		B28F00AE2126F058006CB544 /* Base */ = {isa = PBXFileReference; lastKnownFileType = file.storyboard; name = Base; path = Base.lproj/Main.storyboard; sourceTree = "<group>"; };
		B28F00B02126F05A006CB544 /* Assets.xcassets */ = {isa = PBXFileReference; lastKnownFileType = folder.assetcatalog; path = Assets.xcassets; sourceTree = "<group>"; };
		B28F00B32126F05A006CB544 /* Base */ = {isa = PBXFileReference; lastKnownFileType = file.storyboard; name = Base; path = Base.lproj/LaunchScreen.storyboard; sourceTree = "<group>"; };
		B28F00B52126F05A006CB544 /* Info.plist */ = {isa = PBXFileReference; lastKnownFileType = text.plist.xml; path = Info.plist; sourceTree = "<group>"; };
		B28F00BB2126F4AF006CB544 /* Departure.swift */ = {isa = PBXFileReference; lastKnownFileType = sourcecode.swift; path = Departure.swift; sourceTree = "<group>"; };
		B28F00BD2126F4FF006CB544 /* MVGJson.swift */ = {isa = PBXFileReference; lastKnownFileType = sourcecode.swift; path = MVGJson.swift; sourceTree = "<group>"; };
		B28F00BF2126FD66006CB544 /* DepartureCellTableViewCell.swift */ = {isa = PBXFileReference; lastKnownFileType = sourcecode.swift; path = DepartureCellTableViewCell.swift; sourceTree = "<group>"; };
		B28F00C02126FD66006CB544 /* DepartureCellTableViewCell.xib */ = {isa = PBXFileReference; lastKnownFileType = file.xib; path = DepartureCellTableViewCell.xib; sourceTree = "<group>"; };
/* End PBXFileReference section */

/* Begin PBXFrameworksBuildPhase section */
		B28F00A32126F058006CB544 /* Frameworks */ = {
			isa = PBXFrameworksBuildPhase;
			buildActionMask = 2147483647;
			files = (
			);
			runOnlyForDeploymentPostprocessing = 0;
		};
/* End PBXFrameworksBuildPhase section */

/* Begin PBXGroup section */
		B28F009D2126F058006CB544 = {
			isa = PBXGroup;
			children = (
				B28F00A82126F058006CB544 /* MVG Abfahrt Goethe Institut */,
				B28F00A72126F058006CB544 /* Products */,
			);
			sourceTree = "<group>";
		};
		B28F00A72126F058006CB544 /* Products */ = {
			isa = PBXGroup;
			children = (
				B28F00A62126F058006CB544 /* MVG Abfahrt Goethe Institut.app */,
			);
			name = Products;
			sourceTree = "<group>";
		};
		B28F00A82126F058006CB544 /* MVG Abfahrt Goethe Institut */ = {
			isa = PBXGroup;
			children = (
				B28F00A92126F058006CB544 /* AppDelegate.swift */,
				B28F00AB2126F058006CB544 /* ViewController.swift */,
				B28F00AD2126F058006CB544 /* Main.storyboard */,
				B28F00BF2126FD66006CB544 /* DepartureCellTableViewCell.swift */,
				B28F00C02126FD66006CB544 /* DepartureCellTableViewCell.xib */,
				B28F00B02126F05A006CB544 /* Assets.xcassets */,
				B28F00B22126F05A006CB544 /* LaunchScreen.storyboard */,
				B28F00B52126F05A006CB544 /* Info.plist */,
				B28F00BB2126F4AF006CB544 /* Departure.swift */,
				B28F00BD2126F4FF006CB544 /* MVGJson.swift */,
			);
			path = "MVG Abfahrt Goethe Institut";
			sourceTree = "<group>";
		};
/* End PBXGroup section */

/* Begin PBXNativeTarget section */
		B28F00A52126F058006CB544 /* MVG Abfahrt Goethe Institut */ = {
			isa = PBXNativeTarget;
			buildConfigurationList = B28F00B82126F05A006CB544 /* Build configuration list for PBXNativeTarget "MVG Abfahrt Goethe Institut" */;
			buildPhases = (
				B28F00A22126F058006CB544 /* Sources */,
				B28F00A32126F058006CB544 /* Frameworks */,
				B28F00A42126F058006CB544 /* Resources */,
			);
			buildRules = (
			);
			dependencies = (
			);
			name = "MVG Abfahrt Goethe Institut";
			productName = "MVG Abfahrt Goethe Institut";
			productReference = B28F00A62126F058006CB544 /* MVG Abfahrt Goethe Institut.app */;
			productType = "com.apple.product-type.application";
		};
/* End PBXNativeTarget section */

/* Begin PBXProject section */
		B28F009E2126F058006CB544 /* Project object */ = {
			isa = PBXProject;
			attributes = {
				LastSwiftUpdateCheck = 1000;
				LastUpgradeCheck = 1000;
				ORGANIZATIONNAME = "Anton Rohr";
				TargetAttributes = {
					B28F00A52126F058006CB544 = {
						CreatedOnToolsVersion = 10.0;
					};
				};
			};
			buildConfigurationList = B28F00A12126F058006CB544 /* Build configuration list for PBXProject "MVG Abfahrt Goethe Institut" */;
			compatibilityVersion = "Xcode 9.3";
			developmentRegion = en;
			hasScannedForEncodings = 0;
			knownRegions = (
				en,
				Base,
			);
			mainGroup = B28F009D2126F058006CB544;
			productRefGroup = B28F00A72126F058006CB544 /* Products */;
			projectDirPath = "";
			projectRoot = "";
			targets = (
				B28F00A52126F058006CB544 /* MVG Abfahrt Goethe Institut */,
			);
		};
/* End PBXProject section */

/* Begin PBXResourcesBuildPhase section */
		B28F00A42126F058006CB544 /* Resources */ = {
			isa = PBXResourcesBuildPhase;
			buildActionMask = 2147483647;
			files = (
				B28F00B42126F05A006CB544 /* LaunchScreen.storyboard in Resources */,
				B28F00B12126F05A006CB544 /* Assets.xcassets in Resources */,
				B28F00C22126FD66006CB544 /* DepartureCellTableViewCell.xib in Resources */,
				B28F00AF2126F058006CB544 /* Main.storyboard in Resources */,
			);
			runOnlyForDeploymentPostprocessing = 0;
		};
/* End PBXResourcesBuildPhase section */

/* Begin PBXSourcesBuildPhase section */
		B28F00A22126F058006CB544 /* Sources */ = {
			isa = PBXSourcesBuildPhase;
			buildActionMask = 2147483647;
			files = (
				B28F00BE2126F4FF006CB544 /* MVGJson.swift in Sources */,
				B28F00C12126FD66006CB544 /* DepartureCellTableViewCell.swift in Sources */,
				B28F00BC2126F4AF006CB544 /* Departure.swift in Sources */,
				B28F00AC2126F058006CB544 /* ViewController.swift in Sources */,
				B28F00AA2126F058006CB544 /* AppDelegate.swift in Sources */,
			);
			runOnlyForDeploymentPostprocessing = 0;
		};
/* End PBXSourcesBuildPhase section */

/* Begin PBXVariantGroup section */
		B28F00AD2126F058006CB544 /* Main.storyboard */ = {
			isa = PBXVariantGroup;
			children = (
				B28F00AE2126F058006CB544 /* Base */,
			);
			name = Main.storyboard;
			sourceTree = "<group>";
		};
		B28F00B22126F05A006CB544 /* LaunchScreen.storyboard */ = {
			isa = PBXVariantGroup;
			children = (
				B28F00B32126F05A006CB544 /* Base */,
			);
			name = LaunchScreen.storyboard;
			sourceTree = "<group>";
		};
/* End PBXVariantGroup section */

/* Begin XCBuildConfiguration section */
		B28F00B62126F05A006CB544 /* Debug */ = {
			isa = XCBuildConfiguration;
			buildSettings = {
				ALWAYS_SEARCH_USER_PATHS = NO;
				CLANG_ANALYZER_NONNULL = YES;
				CLANG_ANALYZER_NUMBER_OBJECT_CONVERSION = YES_AGGRESSIVE;
				CLANG_CXX_LANGUAGE_STANDARD = "gnu++14";
				CLANG_CXX_LIBRARY = "libc++";
				CLANG_ENABLE_MODULES = YES;
				CLANG_ENABLE_OBJC_ARC = YES;
				CLANG_ENABLE_OBJC_WEAK = YES;
				CLANG_WARN_BLOCK_CAPTURE_AUTORELEASING = YES;
				CLANG_WARN_BOOL_CONVERSION = YES;
				CLANG_WARN_COMMA = YES;
				CLANG_WARN_CONSTANT_CONVERSION = YES;
				CLANG_WARN_DEPRECATED_OBJC_IMPLEMENTATIONS = YES;
				CLANG_WARN_DIRECT_OBJC_ISA_USAGE = YES_ERROR;
				CLANG_WARN_DOCUMENTATION_COMMENTS = YES;
				CLANG_WARN_EMPTY_BODY = YES;
				CLANG_WARN_ENUM_CONVERSION = YES;
				CLANG_WARN_INFINITE_RECURSION = YES;
				CLANG_WARN_INT_CONVERSION = YES;
				CLANG_WARN_NON_LITERAL_NULL_CONVERSION = YES;
				CLANG_WARN_OBJC_IMPLICIT_RETAIN_SELF = YES;
				CLANG_WARN_OBJC_LITERAL_CONVERSION = YES;
				CLANG_WARN_OBJC_ROOT_CLASS = YES_ERROR;
				CLANG_WARN_RANGE_LOOP_ANALYSIS = YES;
				CLANG_WARN_STRICT_PROTOTYPES = YES;
				CLANG_WARN_SUSPICIOUS_MOVE = YES;
				CLANG_WARN_UNGUARDED_AVAILABILITY = YES_AGGRESSIVE;
				CLANG_WARN_UNREACHABLE_CODE = YES;
				CLANG_WARN__DUPLICATE_METHOD_MATCH = YES;
				CODE_SIGN_IDENTITY = "iPhone Developer";
				COPY_PHASE_STRIP = NO;
				DEBUG_INFORMATION_FORMAT = dwarf;
				ENABLE_STRICT_OBJC_MSGSEND = YES;
				ENABLE_TESTABILITY = YES;
				GCC_C_LANGUAGE_STANDARD = gnu11;
				GCC_DYNAMIC_NO_PIC = NO;
				GCC_NO_COMMON_BLOCKS = YES;
				GCC_OPTIMIZATION_LEVEL = 0;
				GCC_PREPROCESSOR_DEFINITIONS = (
					"DEBUG=1",
					"$(inherited)",
				);
				GCC_WARN_64_TO_32_BIT_CONVERSION = YES;
				GCC_WARN_ABOUT_RETURN_TYPE = YES_ERROR;
				GCC_WARN_UNDECLARED_SELECTOR = YES;
				GCC_WARN_UNINITIALIZED_AUTOS = YES_AGGRESSIVE;
				GCC_WARN_UNUSED_FUNCTION = YES;
				GCC_WARN_UNUSED_VARIABLE = YES;
				IPHONEOS_DEPLOYMENT_TARGET = 12.0;
				MTL_ENABLE_DEBUG_INFO = INCLUDE_SOURCE;
				MTL_FAST_MATH = YES;
				ONLY_ACTIVE_ARCH = YES;
				SDKROOT = iphoneos;
				SWIFT_ACTIVE_COMPILATION_CONDITIONS = DEBUG;
				SWIFT_OPTIMIZATION_LEVEL = "-Onone";
			};
			name = Debug;
		};
		B28F00B72126F05A006CB544 /* Release */ = {
			isa = XCBuildConfiguration;
			buildSettings = {
				ALWAYS_SEARCH_USER_PATHS = NO;
				CLANG_ANALYZER_NONNULL = YES;
				CLANG_ANALYZER_NUMBER_OBJECT_CONVERSION = YES_AGGRESSIVE;
				CLANG_CXX_LANGUAGE_STANDARD = "gnu++14";
				CLANG_CXX_LIBRARY = "libc++";
				CLANG_ENABLE_MODULES = YES;
				CLANG_ENABLE_OBJC_ARC = YES;
				CLANG_ENABLE_OBJC_WEAK = YES;
				CLANG_WARN_BLOCK_CAPTURE_AUTORELEASING = YES;
				CLANG_WARN_BOOL_CONVERSION = YES;
				CLANG_WARN_COMMA = YES;
				CLANG_WARN_CONSTANT_CONVERSION = YES;
				CLANG_WARN_DEPRECATED_OBJC_IMPLEMENTATIONS = YES;
				CLANG_WARN_DIRECT_OBJC_ISA_USAGE = YES_ERROR;
				CLANG_WARN_DOCUMENTATION_COMMENTS = YES;
				CLANG_WARN_EMPTY_BODY = YES;
				CLANG_WARN_ENUM_CONVERSION = YES;
				CLANG_WARN_INFINITE_RECURSION = YES;
				CLANG_WARN_INT_CONVERSION = YES;
				CLANG_WARN_NON_LITERAL_NULL_CONVERSION = YES;
				CLANG_WARN_OBJC_IMPLICIT_RETAIN_SELF = YES;
				CLANG_WARN_OBJC_LITERAL_CONVERSION = YES;
				CLANG_WARN_OBJC_ROOT_CLASS = YES_ERROR;
				CLANG_WARN_RANGE_LOOP_ANALYSIS = YES;
				CLANG_WARN_STRICT_PROTOTYPES = YES;
				CLANG_WARN_SUSPICIOUS_MOVE = YES;
				CLANG_WARN_UNGUARDED_AVAILABILITY = YES_AGGRESSIVE;
				CLANG_WARN_UNREACHABLE_CODE = YES;
				CLANG_WARN__DUPLICATE_METHOD_MATCH = YES;
				CODE_SIGN_IDENTITY = "iPhone Developer";
				COPY_PHASE_STRIP = NO;
				DEBUG_INFORMATION_FORMAT = "dwarf-with-dsym";
				ENABLE_NS_ASSERTIONS = NO;
				ENABLE_STRICT_OBJC_MSGSEND = YES;
				GCC_C_LANGUAGE_STANDARD = gnu11;
				GCC_NO_COMMON_BLOCKS = YES;
				GCC_WARN_64_TO_32_BIT_CONVERSION = YES;
				GCC_WARN_ABOUT_RETURN_TYPE = YES_ERROR;
				GCC_WARN_UNDECLARED_SELECTOR = YES;
				GCC_WARN_UNINITIALIZED_AUTOS = YES_AGGRESSIVE;
				GCC_WARN_UNUSED_FUNCTION = YES;
				GCC_WARN_UNUSED_VARIABLE = YES;
				IPHONEOS_DEPLOYMENT_TARGET = 12.0;
				MTL_ENABLE_DEBUG_INFO = NO;
				MTL_FAST_MATH = YES;
				SDKROOT = iphoneos;
				SWIFT_COMPILATION_MODE = wholemodule;
				SWIFT_OPTIMIZATION_LEVEL = "-O";
				VALIDATE_PRODUCT = YES;
			};
			name = Release;
		};
		B28F00B92126F05A006CB544 /* Debug */ = {
			isa = XCBuildConfiguration;
			buildSettings = {
				ASSETCATALOG_COMPILER_APPICON_NAME = AppIcon;
				CODE_SIGN_STYLE = Automatic;
				DEVELOPMENT_TEAM = 393BY2NHZG;
				INFOPLIST_FILE = "MVG Abfahrt Goethe Institut/Info.plist";
				IPHONEOS_DEPLOYMENT_TARGET = 11.4;
				LD_RUNPATH_SEARCH_PATHS = (
					"$(inherited)",
					"@executable_path/Frameworks",
				);
				PRODUCT_BUNDLE_IDENTIFIER = "antonrohr.MVG-Abfahrt-Goethe-Institut";
				PRODUCT_NAME = "$(TARGET_NAME)";
				SWIFT_VERSION = 4.2;
				TARGETED_DEVICE_FAMILY = "1,2";
			};
			name = Debug;
		};
		B28F00BA2126F05A006CB544 /* Release */ = {
			isa = XCBuildConfiguration;
			buildSettings = {
				ASSETCATALOG_COMPILER_APPICON_NAME = AppIcon;
				CODE_SIGN_STYLE = Automatic;
				DEVELOPMENT_TEAM = 393BY2NHZG;
				INFOPLIST_FILE = "MVG Abfahrt Goethe Institut/Info.plist";
				IPHONEOS_DEPLOYMENT_TARGET = 11.4;
				LD_RUNPATH_SEARCH_PATHS = (
					"$(inherited)",
					"@executable_path/Frameworks",
				);
				PRODUCT_BUNDLE_IDENTIFIER = "antonrohr.MVG-Abfahrt-Goethe-Institut";
				PRODUCT_NAME = "$(TARGET_NAME)";
				SWIFT_VERSION = 4.2;
				TARGETED_DEVICE_FAMILY = "1,2";
			};
			name = Release;
		};
/* End XCBuildConfiguration section */

/* Begin XCConfigurationList section */
		B28F00A12126F058006CB544 /* Build configuration list for PBXProject "MVG Abfahrt Goethe Institut" */ = {
			isa = XCConfigurationList;
			buildConfigurations = (
				B28F00B62126F05A006CB544 /* Debug */,
				B28F00B72126F05A006CB544 /* Release */,
			);
			defaultConfigurationIsVisible = 0;
			defaultConfigurationName = Release;
		};
		B28F00B82126F05A006CB544 /* Build configuration list for PBXNativeTarget "MVG Abfahrt Goethe Institut" */ = {
			isa = XCConfigurationList;
			buildConfigurations = (
				B28F00B92126F05A006CB544 /* Debug */,
				B28F00BA2126F05A006CB544 /* Release */,
			);
			defaultConfigurationIsVisible = 0;
			defaultConfigurationName = Release;
		};
/* End XCConfigurationList section */
	};
	rootObject = B28F009E2126F058006CB544 /* Project object */;
}
